
Microsoft Visual Studio Solution File, Format Version 12.00
# Visual Studio Version 16
VisualStudioVersion = 16.0.31005.135
MinimumVisualStudioVersion = 10.0.40219.1
Project("{FAE04EC0-301F-11D3-BF4B-00C04F79EFBC}") = "MicroChess", "MicroChess\MicroChess.csproj", "{C3CF11AB-6359-462C-9EBD-7E244043DA7F}"
EndProject
Global
	GlobalSection(SolutionConfigurationPlatforms) = preSolution
		Debug|Any CPU = Debug|Any CPU
		Release|Any CPU = Release|Any CPU
	EndGlobalSection
	GlobalSection(ProjectConfigurationPlatforms) = postSolution
		{C3CF11AB-6359-462C-9EBD-7E244043DA7F}.Debug|Any CPU.ActiveCfg = Debug|Any CPU
		{C3CF11AB-6359-462C-9EBD-7E244043DA7F}.Debug|Any CPU.Build.0 = Debug|Any CPU
		{C3CF11AB-6359-462C-9EBD-7E244043DA7F}.Release|Any CPU.ActiveCfg = Release|Any CPU
		{C3CF11AB-6359-462C-9EBD-7E244043DA7F}.Release|Any CPU.Build.0 = Release|Any CPU
	EndGlobalSection
	GlobalSection(SolutionProperties) = preSolution
		HideSolutionNode = FALSE
	EndGlobalSection
	GlobalSection(ExtensibilityGlobals) = postSolution
		SolutionGuid = {12DE145D-AE1B-4661-AB95-E6107FCC8E55}
	EndGlobalSection
EndGlobal
